// !$*UTF8*$!
{
	archiveVersion = 1;
	classes = {
	};
	objectVersion = 56;
	objects = {

/* Begin PBXBuildFile section */
		ECB000422A0D0F58009114D5 /* AppDelegate.swift in Sources */ = {isa = PBXBuildFile; fileRef = ECB000412A0D0F58009114D5 /* AppDelegate.swift */; };
		ECB000442A0D0F58009114D5 /* SceneDelegate.swift in Sources */ = {isa = PBXBuildFile; fileRef = ECB000432A0D0F58009114D5 /* SceneDelegate.swift */; };
		ECB0004B2A0D0F59009114D5 /* Assets.xcassets in Resources */ = {isa = PBXBuildFile; fileRef = ECB0004A2A0D0F59009114D5 /* Assets.xcassets */; };
		ECB0004E2A0D0F59009114D5 /* LaunchScreen.storyboard in Resources */ = {isa = PBXBuildFile; fileRef = ECB0004C2A0D0F59009114D5 /* LaunchScreen.storyboard */; };
		ECB000562A0D12D1009114D5 /* MainTabBarController.swift in Sources */ = {isa = PBXBuildFile; fileRef = ECB000552A0D12D1009114D5 /* MainTabBarController.swift */; };
		ECB0005B2A0D1377009114D5 /* MoviesVC.swift in Sources */ = {isa = PBXBuildFile; fileRef = ECB0005A2A0D1377009114D5 /* MoviesVC.swift */; };
		ECB0005D2A0D1395009114D5 /* ShowsVC.swift in Sources */ = {isa = PBXBuildFile; fileRef = ECB0005C2A0D1395009114D5 /* ShowsVC.swift */; };
		ECB0005F2A0D13B7009114D5 /* SearchVC.swift in Sources */ = {isa = PBXBuildFile; fileRef = ECB0005E2A0D13B7009114D5 /* SearchVC.swift */; };
		ECB000622A0D13E4009114D5 /* WatchlistVC.swift in Sources */ = {isa = PBXBuildFile; fileRef = ECB000612A0D13E4009114D5 /* WatchlistVC.swift */; };
		ECB000662A0D20BE009114D5 /* UIView+Ext.swift in Sources */ = {isa = PBXBuildFile; fileRef = ECB000652A0D20BE009114D5 /* UIView+Ext.swift */; };
		ECB000682A0D29E0009114D5 /* UICollectionView+Ext.swift in Sources */ = {isa = PBXBuildFile; fileRef = ECB000672A0D29E0009114D5 /* UICollectionView+Ext.swift */; };
		ECB0006A2A0D2B67009114D5 /* UILabel+Ext.swift in Sources */ = {isa = PBXBuildFile; fileRef = ECB000692A0D2B67009114D5 /* UILabel+Ext.swift */; };
		ECB0006D2A0D301A009114D5 /* Constants.swift in Sources */ = {isa = PBXBuildFile; fileRef = ECB0006C2A0D301A009114D5 /* Constants.swift */; };
		ECB0006F2A0D312E009114D5 /* APIURLs.swift in Sources */ = {isa = PBXBuildFile; fileRef = ECB0006E2A0D312E009114D5 /* APIURLs.swift */; };
		ECB000722A0D7805009114D5 /* Content.swift in Sources */ = {isa = PBXBuildFile; fileRef = ECB000712A0D7805009114D5 /* Content.swift */; };
		ECB000742A0D803C009114D5 /* ContentDetail.swift in Sources */ = {isa = PBXBuildFile; fileRef = ECB000732A0D803C009114D5 /* ContentDetail.swift */; };
		ECB000762A0D84E7009114D5 /* SearchModel.swift in Sources */ = {isa = PBXBuildFile; fileRef = ECB000752A0D84E7009114D5 /* SearchModel.swift */; };
		ECB000782A0D8682009114D5 /* Person.swift in Sources */ = {isa = PBXBuildFile; fileRef = ECB000772A0D8682009114D5 /* Person.swift */; };
/* End PBXBuildFile section */

/* Begin PBXFileReference section */
		ECB0003E2A0D0F58009114D5 /* Movie.app */ = {isa = PBXFileReference; explicitFileType = wrapper.application; includeInIndex = 0; path = Movie.app; sourceTree = BUILT_PRODUCTS_DIR; };
		ECB000412A0D0F58009114D5 /* AppDelegate.swift */ = {isa = PBXFileReference; lastKnownFileType = sourcecode.swift; path = AppDelegate.swift; sourceTree = "<group>"; };
		ECB000432A0D0F58009114D5 /* SceneDelegate.swift */ = {isa = PBXFileReference; lastKnownFileType = sourcecode.swift; path = SceneDelegate.swift; sourceTree = "<group>"; };
		ECB0004A2A0D0F59009114D5 /* Assets.xcassets */ = {isa = PBXFileReference; lastKnownFileType = folder.assetcatalog; path = Assets.xcassets; sourceTree = "<group>"; };
		ECB0004D2A0D0F59009114D5 /* Base */ = {isa = PBXFileReference; lastKnownFileType = file.storyboard; name = Base; path = Base.lproj/LaunchScreen.storyboard; sourceTree = "<group>"; };
		ECB0004F2A0D0F59009114D5 /* Info.plist */ = {isa = PBXFileReference; lastKnownFileType = text.plist.xml; path = Info.plist; sourceTree = "<group>"; };
		ECB000552A0D12D1009114D5 /* MainTabBarController.swift */ = {isa = PBXFileReference; lastKnownFileType = sourcecode.swift; path = MainTabBarController.swift; sourceTree = "<group>"; };
		ECB0005A2A0D1377009114D5 /* MoviesVC.swift */ = {isa = PBXFileReference; lastKnownFileType = sourcecode.swift; path = MoviesVC.swift; sourceTree = "<group>"; };
		ECB0005C2A0D1395009114D5 /* ShowsVC.swift */ = {isa = PBXFileReference; lastKnownFileType = sourcecode.swift; path = ShowsVC.swift; sourceTree = "<group>"; };
		ECB0005E2A0D13B7009114D5 /* SearchVC.swift */ = {isa = PBXFileReference; lastKnownFileType = sourcecode.swift; path = SearchVC.swift; sourceTree = "<group>"; };
		ECB000612A0D13E4009114D5 /* WatchlistVC.swift */ = {isa = PBXFileReference; lastKnownFileType = sourcecode.swift; path = WatchlistVC.swift; sourceTree = "<group>"; };
		ECB000652A0D20BE009114D5 /* UIView+Ext.swift */ = {isa = PBXFileReference; lastKnownFileType = sourcecode.swift; path = "UIView+Ext.swift"; sourceTree = "<group>"; };
		ECB000672A0D29E0009114D5 /* UICollectionView+Ext.swift */ = {isa = PBXFileReference; lastKnownFileType = sourcecode.swift; path = "UICollectionView+Ext.swift"; sourceTree = "<group>"; };
		ECB000692A0D2B67009114D5 /* UILabel+Ext.swift */ = {isa = PBXFileReference; lastKnownFileType = sourcecode.swift; path = "UILabel+Ext.swift"; sourceTree = "<group>"; };
		ECB0006C2A0D301A009114D5 /* Constants.swift */ = {isa = PBXFileReference; lastKnownFileType = sourcecode.swift; path = Constants.swift; sourceTree = "<group>"; };
		ECB0006E2A0D312E009114D5 /* APIURLs.swift */ = {isa = PBXFileReference; lastKnownFileType = sourcecode.swift; path = APIURLs.swift; sourceTree = "<group>"; };
		ECB000712A0D7805009114D5 /* Content.swift */ = {isa = PBXFileReference; lastKnownFileType = sourcecode.swift; path = Content.swift; sourceTree = "<group>"; };
		ECB000732A0D803C009114D5 /* ContentDetail.swift */ = {isa = PBXFileReference; lastKnownFileType = sourcecode.swift; path = ContentDetail.swift; sourceTree = "<group>"; };
		ECB000752A0D84E7009114D5 /* SearchModel.swift */ = {isa = PBXFileReference; lastKnownFileType = sourcecode.swift; path = SearchModel.swift; sourceTree = "<group>"; };
		ECB000772A0D8682009114D5 /* Person.swift */ = {isa = PBXFileReference; lastKnownFileType = sourcecode.swift; path = Person.swift; sourceTree = "<group>"; };
/* End PBXFileReference section */

/* Begin PBXFrameworksBuildPhase section */
		ECB0003B2A0D0F58009114D5 /* Frameworks */ = {
			isa = PBXFrameworksBuildPhase;
			buildActionMask = 2147483647;
			files = (
			);
			runOnlyForDeploymentPostprocessing = 0;
		};
/* End PBXFrameworksBuildPhase section */

/* Begin PBXGroup section */
		ECB000352A0D0F57009114D5 = {
			isa = PBXGroup;
			children = (
				ECB000402A0D0F58009114D5 /* Movie */,
				ECB0003F2A0D0F58009114D5 /* Products */,
			);
			sourceTree = "<group>";
		};
		ECB0003F2A0D0F58009114D5 /* Products */ = {
			isa = PBXGroup;
			children = (
				ECB0003E2A0D0F58009114D5 /* Movie.app */,
			);
			name = Products;
			sourceTree = "<group>";
		};
		ECB000402A0D0F58009114D5 /* Movie */ = {
			isa = PBXGroup;
			children = (
				ECB000582A0D12FC009114D5 /* Support */,
				ECB000642A0D20A8009114D5 /* Extensions */,
				ECB0006B2A0D2FC3009114D5 /* Utilites */,
				ECB000702A0D68B2009114D5 /* Models */,
				ECB000632A0D1E3A009114D5 /* Controllers */,
				ECB000572A0D12F2009114D5 /* Screens */,
			);
			path = Movie;
			sourceTree = "<group>";
		};
		ECB000572A0D12F2009114D5 /* Screens */ = {
			isa = PBXGroup;
			children = (
				ECB0005A2A0D1377009114D5 /* MoviesVC.swift */,
				ECB0005C2A0D1395009114D5 /* ShowsVC.swift */,
				ECB0005E2A0D13B7009114D5 /* SearchVC.swift */,
				ECB000612A0D13E4009114D5 /* WatchlistVC.swift */,
			);
			path = Screens;
			sourceTree = "<group>";
		};
		ECB000582A0D12FC009114D5 /* Support */ = {
			isa = PBXGroup;
			children = (
				ECB0004A2A0D0F59009114D5 /* Assets.xcassets */,
				ECB0004C2A0D0F59009114D5 /* LaunchScreen.storyboard */,
				ECB0004F2A0D0F59009114D5 /* Info.plist */,
				ECB000592A0D1304009114D5 /* Delegate */,
			);
			path = Support;
			sourceTree = "<group>";
		};
		ECB000592A0D1304009114D5 /* Delegate */ = {
			isa = PBXGroup;
			children = (
				ECB000412A0D0F58009114D5 /* AppDelegate.swift */,
				ECB000432A0D0F58009114D5 /* SceneDelegate.swift */,
			);
			path = Delegate;
			sourceTree = "<group>";
		};
		ECB000632A0D1E3A009114D5 /* Controllers */ = {
			isa = PBXGroup;
			children = (
				ECB000552A0D12D1009114D5 /* MainTabBarController.swift */,
			);
			path = Controllers;
			sourceTree = "<group>";
		};
		ECB000642A0D20A8009114D5 /* Extensions */ = {
			isa = PBXGroup;
			children = (
				ECB000652A0D20BE009114D5 /* UIView+Ext.swift */,
				ECB000672A0D29E0009114D5 /* UICollectionView+Ext.swift */,
				ECB000692A0D2B67009114D5 /* UILabel+Ext.swift */,
			);
			path = Extensions;
			sourceTree = "<group>";
		};
		ECB0006B2A0D2FC3009114D5 /* Utilites */ = {
			isa = PBXGroup;
			children = (
				ECB0006C2A0D301A009114D5 /* Constants.swift */,
				ECB0006E2A0D312E009114D5 /* APIURLs.swift */,
			);
			path = Utilites;
			sourceTree = "<group>";
		};
		ECB000702A0D68B2009114D5 /* Models */ = {
			isa = PBXGroup;
			children = (
				ECB000712A0D7805009114D5 /* Content.swift */,
				ECB000732A0D803C009114D5 /* ContentDetail.swift */,
				ECB000752A0D84E7009114D5 /* SearchModel.swift */,
				ECB000772A0D8682009114D5 /* Person.swift */,
			);
			path = Models;
			sourceTree = "<group>";
		};
/* End PBXGroup section */

/* Begin PBXNativeTarget section */
		ECB0003D2A0D0F58009114D5 /* Movie */ = {
			isa = PBXNativeTarget;
			buildConfigurationList = ECB000522A0D0F59009114D5 /* Build configuration list for PBXNativeTarget "Movie" */;
			buildPhases = (
				ECB0003A2A0D0F58009114D5 /* Sources */,
				ECB0003B2A0D0F58009114D5 /* Frameworks */,
				ECB0003C2A0D0F58009114D5 /* Resources */,
			);
			buildRules = (
			);
			dependencies = (
			);
			name = Movie;
			productName = Movie;
			productReference = ECB0003E2A0D0F58009114D5 /* Movie.app */;
			productType = "com.apple.product-type.application";
		};
/* End PBXNativeTarget section */

/* Begin PBXProject section */
		ECB000362A0D0F57009114D5 /* Project object */ = {
			isa = PBXProject;
			attributes = {
				BuildIndependentTargetsInParallel = 1;
				LastSwiftUpdateCheck = 1410;
				LastUpgradeCheck = 1410;
				TargetAttributes = {
					ECB0003D2A0D0F58009114D5 = {
						CreatedOnToolsVersion = 14.1;
					};
				};
			};
			buildConfigurationList = ECB000392A0D0F58009114D5 /* Build configuration list for PBXProject "Movie" */;
			compatibilityVersion = "Xcode 14.0";
			developmentRegion = en;
			hasScannedForEncodings = 0;
			knownRegions = (
				en,
				Base,
			);
			mainGroup = ECB000352A0D0F57009114D5;
			productRefGroup = ECB0003F2A0D0F58009114D5 /* Products */;
			projectDirPath = "";
			projectRoot = "";
			targets = (
				ECB0003D2A0D0F58009114D5 /* Movie */,
			);
		};
/* End PBXProject section */

/* Begin PBXResourcesBuildPhase section */
		ECB0003C2A0D0F58009114D5 /* Resources */ = {
			isa = PBXResourcesBuildPhase;
			buildActionMask = 2147483647;
			files = (
				ECB0004E2A0D0F59009114D5 /* LaunchScreen.storyboard in Resources */,
				ECB0004B2A0D0F59009114D5 /* Assets.xcassets in Resources */,
			);
			runOnlyForDeploymentPostprocessing = 0;
		};
/* End PBXResourcesBuildPhase section */

/* Begin PBXSourcesBuildPhase section */
		ECB0003A2A0D0F58009114D5 /* Sources */ = {
			isa = PBXSourcesBuildPhase;
			buildActionMask = 2147483647;
			files = (
				ECB000662A0D20BE009114D5 /* UIView+Ext.swift in Sources */,
				ECB0006D2A0D301A009114D5 /* Constants.swift in Sources */,
				ECB0005F2A0D13B7009114D5 /* SearchVC.swift in Sources */,
				ECB000762A0D84E7009114D5 /* SearchModel.swift in Sources */,
				ECB000422A0D0F58009114D5 /* AppDelegate.swift in Sources */,
				ECB0006F2A0D312E009114D5 /* APIURLs.swift in Sources */,
				ECB0005B2A0D1377009114D5 /* MoviesVC.swift in Sources */,
				ECB0006A2A0D2B67009114D5 /* UILabel+Ext.swift in Sources */,
				ECB000722A0D7805009114D5 /* Content.swift in Sources */,
				ECB000742A0D803C009114D5 /* ContentDetail.swift in Sources */,
				ECB000562A0D12D1009114D5 /* MainTabBarController.swift in Sources */,
				ECB000622A0D13E4009114D5 /* WatchlistVC.swift in Sources */,
				ECB000442A0D0F58009114D5 /* SceneDelegate.swift in Sources */,
				ECB000682A0D29E0009114D5 /* UICollectionView+Ext.swift in Sources */,
				ECB000782A0D8682009114D5 /* Person.swift in Sources */,
				ECB0005D2A0D1395009114D5 /* ShowsVC.swift in Sources */,
			);
			runOnlyForDeploymentPostprocessing = 0;
		};
/* End PBXSourcesBuildPhase section */

/* Begin PBXVariantGroup section */
		ECB0004C2A0D0F59009114D5 /* LaunchScreen.storyboard */ = {
			isa = PBXVariantGroup;
			children = (
				ECB0004D2A0D0F59009114D5 /* Base */,
			);
			name = LaunchScreen.storyboard;
			sourceTree = "<group>";
		};
/* End PBXVariantGroup section */

/* Begin XCBuildConfiguration section */
		ECB000502A0D0F59009114D5 /* Debug */ = {
			isa = XCBuildConfiguration;
			buildSettings = {
				ALWAYS_SEARCH_USER_PATHS = NO;
				CLANG_ANALYZER_NONNULL = YES;
				CLANG_ANALYZER_NUMBER_OBJECT_CONVERSION = YES_AGGRESSIVE;
				CLANG_CXX_LANGUAGE_STANDARD = "gnu++20";
				CLANG_ENABLE_MODULES = YES;
				CLANG_ENABLE_OBJC_ARC = YES;
				CLANG_ENABLE_OBJC_WEAK = YES;
				CLANG_WARN_BLOCK_CAPTURE_AUTORELEASING = YES;
				CLANG_WARN_BOOL_CONVERSION = YES;
				CLANG_WARN_COMMA = YES;
				CLANG_WARN_CONSTANT_CONVERSION = YES;
				CLANG_WARN_DEPRECATED_OBJC_IMPLEMENTATIONS = YES;
				CLANG_WARN_DIRECT_OBJC_ISA_USAGE = YES_ERROR;
				CLANG_WARN_DOCUMENTATION_COMMENTS = YES;
				CLANG_WARN_EMPTY_BODY = YES;
				CLANG_WARN_ENUM_CONVERSION = YES;
				CLANG_WARN_INFINITE_RECURSION = YES;
				CLANG_WARN_INT_CONVERSION = YES;
				CLANG_WARN_NON_LITERAL_NULL_CONVERSION = YES;
				CLANG_WARN_OBJC_IMPLICIT_RETAIN_SELF = YES;
				CLANG_WARN_OBJC_LITERAL_CONVERSION = YES;
				CLANG_WARN_OBJC_ROOT_CLASS = YES_ERROR;
				CLANG_WARN_QUOTED_INCLUDE_IN_FRAMEWORK_HEADER = YES;
				CLANG_WARN_RANGE_LOOP_ANALYSIS = YES;
				CLANG_WARN_STRICT_PROTOTYPES = YES;
				CLANG_WARN_SUSPICIOUS_MOVE = YES;
				CLANG_WARN_UNGUARDED_AVAILABILITY = YES_AGGRESSIVE;
				CLANG_WARN_UNREACHABLE_CODE = YES;
				CLANG_WARN__DUPLICATE_METHOD_MATCH = YES;
				COPY_PHASE_STRIP = NO;
				DEBUG_INFORMATION_FORMAT = dwarf;
				ENABLE_STRICT_OBJC_MSGSEND = YES;
				ENABLE_TESTABILITY = YES;
				GCC_C_LANGUAGE_STANDARD = gnu11;
				GCC_DYNAMIC_NO_PIC = NO;
				GCC_NO_COMMON_BLOCKS = YES;
				GCC_OPTIMIZATION_LEVEL = 0;
				GCC_PREPROCESSOR_DEFINITIONS = (
					"DEBUG=1",
					"$(inherited)",
				);
				GCC_WARN_64_TO_32_BIT_CONVERSION = YES;
				GCC_WARN_ABOUT_RETURN_TYPE = YES_ERROR;
				GCC_WARN_UNDECLARED_SELECTOR = YES;
				GCC_WARN_UNINITIALIZED_AUTOS = YES_AGGRESSIVE;
				GCC_WARN_UNUSED_FUNCTION = YES;
				GCC_WARN_UNUSED_VARIABLE = YES;
				IPHONEOS_DEPLOYMENT_TARGET = 16.1;
				MTL_ENABLE_DEBUG_INFO = INCLUDE_SOURCE;
				MTL_FAST_MATH = YES;
				ONLY_ACTIVE_ARCH = YES;
				SDKROOT = iphoneos;
				SWIFT_ACTIVE_COMPILATION_CONDITIONS = DEBUG;
				SWIFT_OPTIMIZATION_LEVEL = "-Onone";
			};
			name = Debug;
		};
		ECB000512A0D0F59009114D5 /* Release */ = {
			isa = XCBuildConfiguration;
			buildSettings = {
				ALWAYS_SEARCH_USER_PATHS = NO;
				CLANG_ANALYZER_NONNULL = YES;
				CLANG_ANALYZER_NUMBER_OBJECT_CONVERSION = YES_AGGRESSIVE;
				CLANG_CXX_LANGUAGE_STANDARD = "gnu++20";
				CLANG_ENABLE_MODULES = YES;
				CLANG_ENABLE_OBJC_ARC = YES;
				CLANG_ENABLE_OBJC_WEAK = YES;
				CLANG_WARN_BLOCK_CAPTURE_AUTORELEASING = YES;
				CLANG_WARN_BOOL_CONVERSION = YES;
				CLANG_WARN_COMMA = YES;
				CLANG_WARN_CONSTANT_CONVERSION = YES;
				CLANG_WARN_DEPRECATED_OBJC_IMPLEMENTATIONS = YES;
				CLANG_WARN_DIRECT_OBJC_ISA_USAGE = YES_ERROR;
				CLANG_WARN_DOCUMENTATION_COMMENTS = YES;
				CLANG_WARN_EMPTY_BODY = YES;
				CLANG_WARN_ENUM_CONVERSION = YES;
				CLANG_WARN_INFINITE_RECURSION = YES;
				CLANG_WARN_INT_CONVERSION = YES;
				CLANG_WARN_NON_LITERAL_NULL_CONVERSION = YES;
				CLANG_WARN_OBJC_IMPLICIT_RETAIN_SELF = YES;
				CLANG_WARN_OBJC_LITERAL_CONVERSION = YES;
				CLANG_WARN_OBJC_ROOT_CLASS = YES_ERROR;
				CLANG_WARN_QUOTED_INCLUDE_IN_FRAMEWORK_HEADER = YES;
				CLANG_WARN_RANGE_LOOP_ANALYSIS = YES;
				CLANG_WARN_STRICT_PROTOTYPES = YES;
				CLANG_WARN_SUSPICIOUS_MOVE = YES;
				CLANG_WARN_UNGUARDED_AVAILABILITY = YES_AGGRESSIVE;
				CLANG_WARN_UNREACHABLE_CODE = YES;
				CLANG_WARN__DUPLICATE_METHOD_MATCH = YES;
				COPY_PHASE_STRIP = NO;
				DEBUG_INFORMATION_FORMAT = "dwarf-with-dsym";
				ENABLE_NS_ASSERTIONS = NO;
				ENABLE_STRICT_OBJC_MSGSEND = YES;
				GCC_C_LANGUAGE_STANDARD = gnu11;
				GCC_NO_COMMON_BLOCKS = YES;
				GCC_WARN_64_TO_32_BIT_CONVERSION = YES;
				GCC_WARN_ABOUT_RETURN_TYPE = YES_ERROR;
				GCC_WARN_UNDECLARED_SELECTOR = YES;
				GCC_WARN_UNINITIALIZED_AUTOS = YES_AGGRESSIVE;
				GCC_WARN_UNUSED_FUNCTION = YES;
				GCC_WARN_UNUSED_VARIABLE = YES;
				IPHONEOS_DEPLOYMENT_TARGET = 16.1;
				MTL_ENABLE_DEBUG_INFO = NO;
				MTL_FAST_MATH = YES;
				SDKROOT = iphoneos;
				SWIFT_COMPILATION_MODE = wholemodule;
				SWIFT_OPTIMIZATION_LEVEL = "-O";
				VALIDATE_PRODUCT = YES;
			};
			name = Release;
		};
		ECB000532A0D0F59009114D5 /* Debug */ = {
			isa = XCBuildConfiguration;
			buildSettings = {
				ASSETCATALOG_COMPILER_APPICON_NAME = AppIcon;
				ASSETCATALOG_COMPILER_GLOBAL_ACCENT_COLOR_NAME = AccentColor;
				CODE_SIGN_STYLE = Automatic;
				CURRENT_PROJECT_VERSION = 1;
				DEVELOPMENT_TEAM = 3KRQW7JR73;
				GENERATE_INFOPLIST_FILE = YES;
				INFOPLIST_FILE = Movie/Support/Info.plist;
				INFOPLIST_KEY_UIApplicationSupportsIndirectInputEvents = YES;
				INFOPLIST_KEY_UILaunchStoryboardName = LaunchScreen;
				INFOPLIST_KEY_UISupportedInterfaceOrientations_iPad = "UIInterfaceOrientationPortrait UIInterfaceOrientationPortraitUpsideDown UIInterfaceOrientationLandscapeLeft UIInterfaceOrientationLandscapeRight";
				INFOPLIST_KEY_UISupportedInterfaceOrientations_iPhone = "UIInterfaceOrientationPortrait UIInterfaceOrientationLandscapeLeft UIInterfaceOrientationLandscapeRight";
				LD_RUNPATH_SEARCH_PATHS = (
					"$(inherited)",
					"@executable_path/Frameworks",
				);
				MARKETING_VERSION = 1.0;
				PRODUCT_BUNDLE_IDENTIFIER = enes.Movie;
				PRODUCT_NAME = "$(TARGET_NAME)";
				SUPPORTED_PLATFORMS = "iphoneos iphonesimulator";
				SUPPORTS_MACCATALYST = NO;
				SUPPORTS_MAC_DESIGNED_FOR_IPHONE_IPAD = NO;
				SWIFT_EMIT_LOC_STRINGS = YES;
				SWIFT_VERSION = 5.0;
				TARGETED_DEVICE_FAMILY = 1;
			};
			name = Debug;
		};
		ECB000542A0D0F59009114D5 /* Release */ = {
			isa = XCBuildConfiguration;
			buildSettings = {
				ASSETCATALOG_COMPILER_APPICON_NAME = AppIcon;
				ASSETCATALOG_COMPILER_GLOBAL_ACCENT_COLOR_NAME = AccentColor;
				CODE_SIGN_STYLE = Automatic;
				CURRENT_PROJECT_VERSION = 1;
				DEVELOPMENT_TEAM = 3KRQW7JR73;
				GENERATE_INFOPLIST_FILE = YES;
				INFOPLIST_FILE = Movie/Support/Info.plist;
				INFOPLIST_KEY_UIApplicationSupportsIndirectInputEvents = YES;
				INFOPLIST_KEY_UILaunchStoryboardName = LaunchScreen;
				INFOPLIST_KEY_UISupportedInterfaceOrientations_iPad = "UIInterfaceOrientationPortrait UIInterfaceOrientationPortraitUpsideDown UIInterfaceOrientationLandscapeLeft UIInterfaceOrientationLandscapeRight";
				INFOPLIST_KEY_UISupportedInterfaceOrientations_iPhone = "UIInterfaceOrientationPortrait UIInterfaceOrientationLandscapeLeft UIInterfaceOrientationLandscapeRight";
				LD_RUNPATH_SEARCH_PATHS = (
					"$(inherited)",
					"@executable_path/Frameworks",
				);
				MARKETING_VERSION = 1.0;
				PRODUCT_BUNDLE_IDENTIFIER = enes.Movie;
				PRODUCT_NAME = "$(TARGET_NAME)";
				SUPPORTED_PLATFORMS = "iphoneos iphonesimulator";
				SUPPORTS_MACCATALYST = NO;
				SUPPORTS_MAC_DESIGNED_FOR_IPHONE_IPAD = NO;
				SWIFT_EMIT_LOC_STRINGS = YES;
				SWIFT_VERSION = 5.0;
				TARGETED_DEVICE_FAMILY = 1;
			};
			name = Release;
		};
/* End XCBuildConfiguration section */

/* Begin XCConfigurationList section */
		ECB000392A0D0F58009114D5 /* Build configuration list for PBXProject "Movie" */ = {
			isa = XCConfigurationList;
			buildConfigurations = (
				ECB000502A0D0F59009114D5 /* Debug */,
				ECB000512A0D0F59009114D5 /* Release */,
			);
			defaultConfigurationIsVisible = 0;
			defaultConfigurationName = Release;
		};
		ECB000522A0D0F59009114D5 /* Build configuration list for PBXNativeTarget "Movie" */ = {
			isa = XCConfigurationList;
			buildConfigurations = (
				ECB000532A0D0F59009114D5 /* Debug */,
				ECB000542A0D0F59009114D5 /* Release */,
			);
			defaultConfigurationIsVisible = 0;
			defaultConfigurationName = Release;
		};
/* End XCConfigurationList section */
	};
	rootObject = ECB000362A0D0F57009114D5 /* Project object */;
}
